
Microsoft Visual Studio Solution File, Format Version 12.00
# Visual Studio Version 17
VisualStudioVersion = 17.0.32126.317
MinimumVisualStudioVersion = 10.0.40219.1
Project("{9A19103F-16F7-4668-BE54-9A1E7A4F7556}") = "RPG-Characters", "RPG-Characters.csproj", "{26786622-145C-4ED1-A42C-20E58D6564DF}"
EndProject
Project("{FAE04EC0-301F-11D3-BF4B-00C04F79EFBC}") = "RPGCharactersTesting", "..\RPGCharactersTesting\RPGCharactersTesting.csproj", "{76DFCBD0-2A47-47EC-9ACF-67A48DF115E1}"
EndProject
Global
	GlobalSection(SolutionConfigurationPlatforms) = preSolution
		Debug|Any CPU = Debug|Any CPU
		Release|Any CPU = Release|Any CPU
	EndGlobalSection
	GlobalSection(ProjectConfigurationPlatforms) = postSolution
		{26786622-145C-4ED1-A42C-20E58D6564DF}.Debug|Any CPU.ActiveCfg = Debug|Any CPU
		{26786622-145C-4ED1-A42C-20E58D6564DF}.Debug|Any CPU.Build.0 = Debug|Any CPU
		{26786622-145C-4ED1-A42C-20E58D6564DF}.Release|Any CPU.ActiveCfg = Release|Any CPU
		{26786622-145C-4ED1-A42C-20E58D6564DF}.Release|Any CPU.Build.0 = Release|Any CPU
		{76DFCBD0-2A47-47EC-9ACF-67A48DF115E1}.Debug|Any CPU.ActiveCfg = Debug|Any CPU
		{76DFCBD0-2A47-47EC-9ACF-67A48DF115E1}.Debug|Any CPU.Build.0 = Debug|Any CPU
		{76DFCBD0-2A47-47EC-9ACF-67A48DF115E1}.Release|Any CPU.ActiveCfg = Release|Any CPU
		{76DFCBD0-2A47-47EC-9ACF-67A48DF115E1}.Release|Any CPU.Build.0 = Release|Any CPU
	EndGlobalSection
	GlobalSection(SolutionProperties) = preSolution
		HideSolutionNode = FALSE
	EndGlobalSection
	GlobalSection(ExtensibilityGlobals) = postSolution
		SolutionGuid = {0E65EE0A-B218-4365-878D-554AAECA326F}
	EndGlobalSection
EndGlobal
