
Microsoft Visual Studio Solution File, Format Version 12.00
# Visual Studio Version 17
VisualStudioVersion = 17.0.32014.148
MinimumVisualStudioVersion = 10.0.40219.1
Project("{FAE04EC0-301F-11D3-BF4B-00C04F79EFBC}") = "MovieCharactersAPI", "MovieCharactersAPI.csproj", "{8CDCD7CF-9E45-4BA5-A76A-624EAB1C4965}"
EndProject
Project("{2150E333-8FDC-42A3-9474-1A3956D46DE8}") = "Solution Items", "Solution Items", "{8CEC5814-A42F-4310-8F16-09D97C22ABAA}"
	ProjectSection(SolutionItems) = preProject
		Startup.cs = Startup.cs
	EndProjectSection
EndProject
Global
	GlobalSection(SolutionConfigurationPlatforms) = preSolution
		Debug|Any CPU = Debug|Any CPU
		Release|Any CPU = Release|Any CPU
	EndGlobalSection
	GlobalSection(ProjectConfigurationPlatforms) = postSolution
		{8CDCD7CF-9E45-4BA5-A76A-624EAB1C4965}.Debug|Any CPU.ActiveCfg = Debug|Any CPU
		{8CDCD7CF-9E45-4BA5-A76A-624EAB1C4965}.Debug|Any CPU.Build.0 = Debug|Any CPU
		{8CDCD7CF-9E45-4BA5-A76A-624EAB1C4965}.Release|Any CPU.ActiveCfg = Release|Any CPU
		{8CDCD7CF-9E45-4BA5-A76A-624EAB1C4965}.Release|Any CPU.Build.0 = Release|Any CPU
	EndGlobalSection
	GlobalSection(SolutionProperties) = preSolution
		HideSolutionNode = FALSE
	EndGlobalSection
	GlobalSection(ExtensibilityGlobals) = postSolution
		SolutionGuid = {8F9F8A24-7175-4827-83FD-C62FE552154D}
	EndGlobalSection
EndGlobal
