
Microsoft Visual Studio Solution File, Format Version 12.00
# Visual Studio Version 17
VisualStudioVersion = 17.1.32210.238
MinimumVisualStudioVersion = 10.0.40219.1
Project("{FAE04EC0-301F-11D3-BF4B-00C04F79EFBC}") = "SQLClientAssignment", "SQLClientAssignment.csproj", "{1949F897-2FE6-456A-9949-60F1784F163A}"
EndProject
Global
	GlobalSection(SolutionConfigurationPlatforms) = preSolution
		Debug|Any CPU = Debug|Any CPU
		Release|Any CPU = Release|Any CPU
	EndGlobalSection
	GlobalSection(ProjectConfigurationPlatforms) = postSolution
		{1949F897-2FE6-456A-9949-60F1784F163A}.Debug|Any CPU.ActiveCfg = Debug|Any CPU
		{1949F897-2FE6-456A-9949-60F1784F163A}.Debug|Any CPU.Build.0 = Debug|Any CPU
		{1949F897-2FE6-456A-9949-60F1784F163A}.Release|Any CPU.ActiveCfg = Release|Any CPU
		{1949F897-2FE6-456A-9949-60F1784F163A}.Release|Any CPU.Build.0 = Release|Any CPU
	EndGlobalSection
	GlobalSection(SolutionProperties) = preSolution
		HideSolutionNode = FALSE
	EndGlobalSection
	GlobalSection(ExtensibilityGlobals) = postSolution
		SolutionGuid = {495A41DF-0957-4BA8-8CBC-4D051F989856}
	EndGlobalSection
EndGlobal
