
Microsoft Visual Studio Solution File, Format Version 12.00
# Visual Studio Version 17
VisualStudioVersion = 17.0.32126.317
MinimumVisualStudioVersion = 10.0.40219.1
Project("{9A19103F-16F7-4668-BE54-9A1E7A4F7556}") = "ReverseCodingChallenge1", "ReverseCodingChallenge1.csproj", "{A210E49D-0808-41FD-9ADD-B17AD361A25E}"
EndProject
Global
	GlobalSection(SolutionConfigurationPlatforms) = preSolution
		Debug|Any CPU = Debug|Any CPU
		Release|Any CPU = Release|Any CPU
	EndGlobalSection
	GlobalSection(ProjectConfigurationPlatforms) = postSolution
		{A210E49D-0808-41FD-9ADD-B17AD361A25E}.Debug|Any CPU.ActiveCfg = Debug|Any CPU
		{A210E49D-0808-41FD-9ADD-B17AD361A25E}.Debug|Any CPU.Build.0 = Debug|Any CPU
		{A210E49D-0808-41FD-9ADD-B17AD361A25E}.Release|Any CPU.ActiveCfg = Release|Any CPU
		{A210E49D-0808-41FD-9ADD-B17AD361A25E}.Release|Any CPU.Build.0 = Release|Any CPU
	EndGlobalSection
	GlobalSection(SolutionProperties) = preSolution
		HideSolutionNode = FALSE
	EndGlobalSection
	GlobalSection(ExtensibilityGlobals) = postSolution
		SolutionGuid = {39765C6D-5DDB-4EFF-A520-3E51D7AB35E3}
	EndGlobalSection
EndGlobal
