
Microsoft Visual Studio Solution File, Format Version 12.00
# Visual Studio Version 17
VisualStudioVersion = 17.0.32014.148
MinimumVisualStudioVersion = 10.0.40219.1
Project("{FAE04EC0-301F-11D3-BF4B-00C04F79EFBC}") = "ExistsANumberHigher", "ExistsANumberHigher.csproj", "{978F318C-008C-4297-8B4C-F6AAF483A554}"
EndProject
Global
	GlobalSection(SolutionConfigurationPlatforms) = preSolution
		Debug|Any CPU = Debug|Any CPU
		Release|Any CPU = Release|Any CPU
	EndGlobalSection
	GlobalSection(ProjectConfigurationPlatforms) = postSolution
		{978F318C-008C-4297-8B4C-F6AAF483A554}.Debug|Any CPU.ActiveCfg = Debug|Any CPU
		{978F318C-008C-4297-8B4C-F6AAF483A554}.Debug|Any CPU.Build.0 = Debug|Any CPU
		{978F318C-008C-4297-8B4C-F6AAF483A554}.Release|Any CPU.ActiveCfg = Release|Any CPU
		{978F318C-008C-4297-8B4C-F6AAF483A554}.Release|Any CPU.Build.0 = Release|Any CPU
	EndGlobalSection
	GlobalSection(SolutionProperties) = preSolution
		HideSolutionNode = FALSE
	EndGlobalSection
	GlobalSection(ExtensibilityGlobals) = postSolution
		SolutionGuid = {6432B401-DA14-4AF4-9013-82877EE484DD}
	EndGlobalSection
EndGlobal
