
Microsoft Visual Studio Solution File, Format Version 12.00
# Visual Studio Version 17
VisualStudioVersion = 17.0.32126.317
MinimumVisualStudioVersion = 10.0.40219.1
Project("{FAE04EC0-301F-11D3-BF4B-00C04F79EFBC}") = "21_SmoothSentences", "21_SmoothSentences.csproj", "{82076404-F37B-42A1-8767-9DE1460962CD}"
EndProject
Global
	GlobalSection(SolutionConfigurationPlatforms) = preSolution
		Debug|Any CPU = Debug|Any CPU
		Release|Any CPU = Release|Any CPU
	EndGlobalSection
	GlobalSection(ProjectConfigurationPlatforms) = postSolution
		{82076404-F37B-42A1-8767-9DE1460962CD}.Debug|Any CPU.ActiveCfg = Debug|Any CPU
		{82076404-F37B-42A1-8767-9DE1460962CD}.Debug|Any CPU.Build.0 = Debug|Any CPU
		{82076404-F37B-42A1-8767-9DE1460962CD}.Release|Any CPU.ActiveCfg = Release|Any CPU
		{82076404-F37B-42A1-8767-9DE1460962CD}.Release|Any CPU.Build.0 = Release|Any CPU
	EndGlobalSection
	GlobalSection(SolutionProperties) = preSolution
		HideSolutionNode = FALSE
	EndGlobalSection
	GlobalSection(ExtensibilityGlobals) = postSolution
		SolutionGuid = {36C21341-05B0-437B-B8F1-3DD6BE187BF8}
	EndGlobalSection
EndGlobal
